lockfileVersion: '9.0'

settings:
  autoInstallPeers: true
  excludeLinksFromLockfile: false

importers:

  .:
    dependencies:
      '@triton-one/yellowstone-grpc':
        specifier: 7.0.1
        version: 7.0.1
      bs58:
        specifier: 6.0.0
        version: 6.0.0

packages:

  '@bufbuild/protobuf@2.15.0':
    resolution: {integrity: sha512-DAheWUkVr/SJTWCc+lg9dhY0eN4SaWlf4+bG1KzHeXbnqt0AfB/NX0Z+VunGlM1ki1B4zVvye27MpKh/svySUA==}

  '@solana/addresses@7.1.1':
    resolution: {integrity: sha512-/Tk2aTOT7UEcaJrdEcB3+SK09v5cZ/92NWqHBzEobxusTPNoeOFxa3MwV74Q1MgPecWdLz7TPreEhAKpcvV/vw==}
    engines: {node: '>=20.18.0'}
    peerDependencies:
      typescript: '>=5.4.0'
    peerDependenciesMeta:
      typescript:
        optional: true

  '@solana/assertions@7.1.1':
    resolution: {integrity: sha512-tD07UKuw5i9Tw5xloVH+TUMrLzbHKixaB4DlGXumMEQU+JbYRPtFNqtMlrpVLuVM45nkbPfFp2Da0sXNRIqFHA==}
    engines: {node: '>=20.18.0'}
    peerDependencies:
      typescript: '>=5.4.0'
    peerDependenciesMeta:
      typescript:
        optional: true

  '@solana/codecs-core@7.1.1':
    resolution: {integrity: sha512-C1UOAQ7LH8RuCTfaij6hthTZeBlpp8GuD2g9Nag/xgiNKJGvAfVrcorb+kO/sufdYI8Lu+BiVvPeKOjQDQiKqg==}
    engines: {node: '>=20.18.0'}
    peerDependencies:
      typescript: '>=5.4.0'
    peerDependenciesMeta:
      typescript:
        optional: true

  '@solana/codecs-data-structures@7.1.1':
    resolution: {integrity: sha512-MO+wMAuaatAQ96N3HhTsd7Uno+79rJw88P+OiU2n+pHK/rZuyu1yB2j12veqK4jUNWPR0aOyCuZ4rB2idrDjpg==}
    engines: {node: '>=20.18.0'}
    peerDependencies:
      typescript: '>=5.4.0'
    peerDependenciesMeta:
      typescript:
        optional: true

  '@solana/codecs-numbers@7.1.1':
    resolution: {integrity: sha512-TWWrQq6Wp5Yf5bSc6RbxDDYCRUBBmRtRgjvUMHGp0P9K+4uFwxllRjSZFzBPHgXj3UTeZmFJdcoD271QhAgibg==}
    engines: {node: '>=20.18.0'}
    peerDependencies:
      typescript: '>=5.4.0'
    peerDependenciesMeta:
      typescript:
        optional: true

  '@solana/codecs-strings@7.1.1':
    resolution: {integrity: sha512-6qWl+atG60D2LmP47GyGapQFhVsG1sVhVrEaM3lV09vwrGOMeOZARZ4ObaQ5m6uQmM04G+f8dY9d17nCMbGHGg==}
    engines: {node: '>=20.18.0'}
    peerDependencies:
      fastestsmallesttextencoderdecoder: ^1.0.22
      typescript: '>=5.4.0'
    peerDependenciesMeta:
      fastestsmallesttextencoderdecoder:
        optional: true
      typescript:
        optional: true

  '@solana/errors@7.1.1':
    resolution: {integrity: sha512-q35qck8rBnNvJlPU00mnHEQm7gWvghzYz8khqVoLhjgodTzGp46VqnIOyI1LXOAF6XDal58bMNDO980MQgq8yw==}
    engines: {node: '>=20.18.0'}
    hasBin: true
    peerDependencies:
      typescript: '>=5.4.0'
    peerDependenciesMeta:
      typescript:
        optional: true

  '@solana/fixed-points@7.1.1':
    resolution: {integrity: sha512-qPj/V7kcFG/P0kuEa1U529+5L6mbkMwRIwvYBTDgBqPOt6wOdk9/c7Qn2VUQgSV0HgCXWxdHUdwaxBrYqO2ibg==}
    engines: {node: '>=20.18.0'}
    peerDependencies:
      typescript: '>=5.4.0'
    peerDependenciesMeta:
      typescript:
        optional: true

  '@solana/functional@7.1.1':
    resolution: {integrity: sha512-AnFohvUHGrqAu3kTxxC0rZyU4JddA08hOUZ1/DT9XogCZWetBpNJktX9uNuXQe+sN4FKTX2MfL//iBFBAsxtDA==}
    engines: {node: '>=20.18.0'}
    peerDependencies:
      typescript: '>=5.4.0'
    peerDependenciesMeta:
      typescript:
        optional: true

  '@solana/instructions@7.1.1':
    resolution: {integrity: sha512-VxMpJI++RTwaqSBLIP1GTjOPLtlYOqxOJ93ug6DlSdu9jku8M/or77DiXDUi62VmEh3bbsECR646vTJXUaPArw==}
    engines: {node: '>=20.18.0'}
    peerDependencies:
      typescript: '>=5.4.0'
    peerDependenciesMeta:
      typescript:
        optional: true

  '@solana/keys@7.1.1':
    resolution: {integrity: sha512-Rx+vzWAXUa/Ko7W6wG1HOG9B3nQFZ5dALz113WoAmBZf7iQvaLG7U4ECDM/ydR+Nbdy6wYww7zQKRIye+1d+Nw==}
    engines: {node: '>=20.18.0'}
    peerDependencies:
      typescript: '>=5.4.0'
    peerDependenciesMeta:
      typescript:
        optional: true

  '@solana/nominal-types@7.1.1':
    resolution: {integrity: sha512-do4rmmOlSplVYN92zV6nROJxkiRn0c7juoH1lka2Pmq+cAC3QhQXKYAwWffTFYDJJDO9qCOh00uv2hhSZi6RDw==}
    engines: {node: '>=20.18.0'}
    peerDependencies:
      typescript: '>=5.4.0'
    peerDependenciesMeta:
      typescript:
        optional: true

  '@solana/promises@7.1.1':
    resolution: {integrity: sha512-d3lhCfiFwiVyTRR6zhy1lcjDIh+l0a5gp1WPe64Vfa2gP0myC8P5C1Tknfjrp4d97DF3uBPqKAb5vV8hahNcNA==}
    engines: {node: '>=20.18.0'}
    peerDependencies:
      typescript: '>=5.4.0'
    peerDependenciesMeta:
      typescript:
        optional: true

  '@solana/rpc-api@7.1.1':
    resolution: {integrity: sha512-ELGIqNbz8apeAxCLdD1PEPAnu6KtgHmWvUbH4VqqNg2jgWquyUOfTI5rblvdflx2Hcb7GK05w8/iiUaknOQKnw==}
    engines: {node: '>=20.18.0'}
    peerDependencies:
      typescript: '>=5.4.0'
    peerDependenciesMeta:
      typescript:
        optional: true

  '@solana/rpc-parsed-types@7.1.1':
    resolution: {integrity: sha512-DiQSj2rNnhOKOTs6YDjQ2y4KuOkv8lh6moLFiQnY0+TvanJrGrQjxLSrHdCUQxymQcUxzrraZL9k6vxNzId4gw==}
    engines: {node: '>=20.18.0'}
    peerDependencies:
      typescript: '>=5.4.0'
    peerDependenciesMeta:
      typescript:
        optional: true

  '@solana/rpc-spec-types@7.1.1':
    resolution: {integrity: sha512-FDDgXfAPfq28sQNnGhZr/+2kp5QTTcNZ5m/Q9y9Jrlux6brdPsbf9Sh1Q/lgz7i76arzNW/rzRY125RzqGWANg==}
    engines: {node: '>=20.18.0'}
    peerDependencies:
      typescript: '>=5.4.0'
    peerDependenciesMeta:
      typescript:
        optional: true

  '@solana/rpc-spec@7.1.1':
    resolution: {integrity: sha512-1FwhgL18qasRYlWffdBNIUoxQyGLzdh3YMQW3y33M61vk/q1ldEGJRypV9B/SrXmxwqDiUbQ+m+zgainCTp1ZA==}
    engines: {node: '>=20.18.0'}
    peerDependencies:
      typescript: '>=5.4.0'
    peerDependenciesMeta:
      typescript:
        optional: true

  '@solana/rpc-transformers@7.1.1':
    resolution: {integrity: sha512-k8a/JZFso/nvPBgurOGJ/ZC6sXCtYE3lCvTj95i29pl45C4SgjdetJrAH/pWEEhQXcxaJs7OLBGmCh2enazlJw==}
    engines: {node: '>=20.18.0'}
    peerDependencies:
      typescript: '>=5.4.0'
    peerDependenciesMeta:
      typescript:
        optional: true

  '@solana/rpc-types@7.1.1':
    resolution: {integrity: sha512-yHlSUWgynaaqevuqipGhhcZnmFVNs+F6KIlbUZ0kQY6NMVtaSzx5AQrtQjbtAQzNRsRTDYkKuQg8nOruiDoseQ==}
    engines: {node: '>=20.18.0'}
    peerDependencies:
      typescript: '>=5.4.0'
    peerDependenciesMeta:
      typescript:
        optional: true

  '@solana/subscribable@7.1.1':
    resolution: {integrity: sha512-l4Wzc2L+7WQPeC/kaCiia1aaUY/SJJdrNHnLibKchS2pb7YbF7J2OygsweHXliWCVpG0jZwcvIVpusgygbZQLw==}
    engines: {node: '>=20.18.0'}
    peerDependencies:
      typescript: '>=5.4.0'
    peerDependenciesMeta:
      typescript:
        optional: true

  '@solana/transaction-messages@7.1.1':
    resolution: {integrity: sha512-UBgd/TU0c8blrYDC9sD9P+wgmOOEK4OdODxD8CxB7oumN4ZAENv20u0AdZuvu1n4OwWwc1ikhtKjwg18e4wTIg==}
    engines: {node: '>=20.18.0'}
    peerDependencies:
      typescript: '>=5.4.0'
    peerDependenciesMeta:
      typescript:
        optional: true

  '@solana/transactions@7.1.1':
    resolution: {integrity: sha512-jop8y4+xiDJlocRLxqN++33Z5PDTe72HwmtgGrcIuGB4zq7U/lUX0uZM1JVcs9d3lJ3wBy2CcLTCyoYb78Swhg==}
    engines: {node: '>=20.18.0'}
    peerDependencies:
      typescript: '>=5.4.0'
    peerDependenciesMeta:
      typescript:
        optional: true

  '@triton-one/yellowstone-grpc-napi-darwin-arm64@0.2.1':
    resolution: {integrity: sha512-ZW7KkYQ4g4v9E5eoEB8siYIStzBgMJYG5TtRRcLqAxH0YBrCnzwGK+8lPaM8iJnHeSVVD0JF4WBIJ2xl4S2VAA==}
    cpu: [arm64]
    os: [darwin]

  '@triton-one/yellowstone-grpc-napi-darwin-x64@0.2.1':
    resolution: {integrity: sha512-BPszmdUjXL/k4s1A2YyOpXVWzhiiUpdrhpyPIi8kC16XSd8Zyca000K5khYk+AI4nG+4qiekLBM6bAFmEUcn8A==}
    cpu: [x64]
    os: [darwin]

  '@triton-one/yellowstone-grpc-napi-linux-x64-gnu@0.2.1':
    resolution: {integrity: sha512-TnpJn44W0d+f8pcmrNnT1jOykHWDWkLpfF0BNd0aNWZMMmluOPOo3+tzJltcdu1H74v6zvLc50ywvGFRQwhJEQ==}
    cpu: [x64]
    os: [linux]

  '@triton-one/yellowstone-grpc-napi-linux-x64-musl@0.2.1':
    resolution: {integrity: sha512-z6HnSqLEtYVkU9xu3webdRJVA0Q5NT3rGveKU1s+RYguCYHBVRZAFHLkmKj4KR/C9MWGqlG1AK4j3pkB/574aQ==}
    cpu: [x64]
    os: [linux]

  '@triton-one/yellowstone-grpc@7.0.1':
    resolution: {integrity: sha512-Lrhkn0Hx7RmWfgKAa9zjZdcf/9vZOH5AWXKbeUhfJ02FaNpz9tC52JvLdKd3APsSerYUDu6y3Ie8TsaxV4o2vw==}
    engines: {node: '>=20.18.0'}

  base-x@5.0.1:
    resolution: {integrity: sha512-M7uio8Zt++eg3jPj+rHMfCC+IuygQHHCOU+IYsVtik6FWjuYpVt/+MRKcgsAMHh8mMFAwnB+Bs+mTrFiXjMzKg==}

  bs58@6.0.0:
    resolution: {integrity: sha512-PD0wEnEYg6ijszw/u8s+iI3H17cTymlrwkKhDhPZq+Sokl3AU4htyBFTjAeNAlCCmg0f53g6ih3jATyCKftTfw==}

  chalk@5.6.2:
    resolution: {integrity: sha512-7NzBL0rN6fMUW+f7A6Io4h40qQlG+xGmtMxfbnH/K7TAtt8JQWVQK+6g0UXKMeVJoyV5EkkNsErQ8pVD3bLHbA==}
    engines: {node: ^12.17.0 || ^14.13 || >=16.0.0}

  commander@15.0.0:
    resolution: {integrity: sha512-z67u4ZhzCL/Tydu1lJARtEZYWbWaN7oYLHbsuzocr6y4N6WZAagG3RQ4FW61V1/0+jImpj293XfrcYnd1qxtPg==}
    engines: {node: '>=22.12.0'}

snapshots:

  '@bufbuild/protobuf@2.15.0': {}

  '@solana/addresses@7.1.1':
    dependencies:
      '@solana/assertions': 7.1.1
      '@solana/codecs-core': 7.1.1
      '@solana/codecs-strings': 7.1.1
      '@solana/errors': 7.1.1
      '@solana/nominal-types': 7.1.1
    transitivePeerDependencies:
      - fastestsmallesttextencoderdecoder

  '@solana/assertions@7.1.1':
    dependencies:
      '@solana/errors': 7.1.1

  '@solana/codecs-core@7.1.1':
    dependencies:
      '@solana/errors': 7.1.1

  '@solana/codecs-data-structures@7.1.1':
    dependencies:
      '@solana/codecs-core': 7.1.1
      '@solana/codecs-numbers': 7.1.1
      '@solana/errors': 7.1.1

  '@solana/codecs-numbers@7.1.1':
    dependencies:
      '@solana/codecs-core': 7.1.1
      '@solana/errors': 7.1.1

  '@solana/codecs-strings@7.1.1':
    dependencies:
      '@solana/codecs-core': 7.1.1
      '@solana/codecs-numbers': 7.1.1
      '@solana/errors': 7.1.1

  '@solana/errors@7.1.1':
    dependencies:
      chalk: 5.6.2
      commander: 15.0.0

  '@solana/fixed-points@7.1.1':
    dependencies:
      '@solana/codecs-core': 7.1.1
      '@solana/errors': 7.1.1

  '@solana/functional@7.1.1': {}

  '@solana/instructions@7.1.1':
    dependencies:
      '@solana/codecs-core': 7.1.1
      '@solana/errors': 7.1.1

  '@solana/keys@7.1.1':
    dependencies:
      '@solana/assertions': 7.1.1
      '@solana/codecs-core': 7.1.1
      '@solana/codecs-strings': 7.1.1
      '@solana/errors': 7.1.1
      '@solana/nominal-types': 7.1.1
      '@solana/promises': 7.1.1
    transitivePeerDependencies:
      - fastestsmallesttextencoderdecoder

  '@solana/nominal-types@7.1.1': {}

  '@solana/promises@7.1.1': {}

  '@solana/rpc-api@7.1.1':
    dependencies:
      '@solana/addresses': 7.1.1
      '@solana/codecs-core': 7.1.1
      '@solana/codecs-strings': 7.1.1
      '@solana/errors': 7.1.1
      '@solana/keys': 7.1.1
      '@solana/rpc-parsed-types': 7.1.1
      '@solana/rpc-spec': 7.1.1
      '@solana/rpc-transformers': 7.1.1
      '@solana/rpc-types': 7.1.1
      '@solana/transaction-messages': 7.1.1
      '@solana/transactions': 7.1.1
    transitivePeerDependencies:
      - fastestsmallesttextencoderdecoder

  '@solana/rpc-parsed-types@7.1.1': {}

  '@solana/rpc-spec-types@7.1.1':
    dependencies:
      '@solana/errors': 7.1.1

  '@solana/rpc-spec@7.1.1':
    dependencies:
      '@solana/errors': 7.1.1
      '@solana/rpc-spec-types': 7.1.1
      '@solana/subscribable': 7.1.1

  '@solana/rpc-transformers@7.1.1':
    dependencies:
      '@solana/errors': 7.1.1
      '@solana/functional': 7.1.1
      '@solana/nominal-types': 7.1.1
      '@solana/rpc-spec-types': 7.1.1
      '@solana/rpc-types': 7.1.1
    transitivePeerDependencies:
      - fastestsmallesttextencoderdecoder

  '@solana/rpc-types@7.1.1':
    dependencies:
      '@solana/addresses': 7.1.1
      '@solana/codecs-core': 7.1.1
      '@solana/codecs-numbers': 7.1.1
      '@solana/codecs-strings': 7.1.1
      '@solana/errors': 7.1.1
      '@solana/fixed-points': 7.1.1
      '@solana/nominal-types': 7.1.1
    transitivePeerDependencies:
      - fastestsmallesttextencoderdecoder

  '@solana/subscribable@7.1.1':
    dependencies:
      '@solana/errors': 7.1.1
      '@solana/promises': 7.1.1

  '@solana/transaction-messages@7.1.1':
    dependencies:
      '@solana/addresses': 7.1.1
      '@solana/codecs-core': 7.1.1
      '@solana/codecs-data-structures': 7.1.1
      '@solana/codecs-numbers': 7.1.1
      '@solana/errors': 7.1.1
      '@solana/functional': 7.1.1
      '@solana/instructions': 7.1.1
      '@solana/nominal-types': 7.1.1
      '@solana/rpc-types': 7.1.1
    transitivePeerDependencies:
      - fastestsmallesttextencoderdecoder

  '@solana/transactions@7.1.1':
    dependencies:
      '@solana/addresses': 7.1.1
      '@solana/codecs-core': 7.1.1
      '@solana/codecs-data-structures': 7.1.1
      '@solana/codecs-numbers': 7.1.1
      '@solana/codecs-strings': 7.1.1
      '@solana/errors': 7.1.1
      '@solana/functional': 7.1.1
      '@solana/instructions': 7.1.1
      '@solana/keys': 7.1.1
      '@solana/nominal-types': 7.1.1
      '@solana/rpc-types': 7.1.1
      '@solana/transaction-messages': 7.1.1
    transitivePeerDependencies:
      - fastestsmallesttextencoderdecoder

  '@triton-one/yellowstone-grpc-napi-darwin-arm64@0.2.1':
    optional: true

  '@triton-one/yellowstone-grpc-napi-darwin-x64@0.2.1':
    optional: true

  '@triton-one/yellowstone-grpc-napi-linux-x64-gnu@0.2.1':
    optional: true

  '@triton-one/yellowstone-grpc-napi-linux-x64-musl@0.2.1':
    optional: true

  '@triton-one/yellowstone-grpc@7.0.1':
    dependencies:
      '@bufbuild/protobuf': 2.15.0
      '@solana/addresses': 7.1.1
      '@solana/rpc-api': 7.1.1
      '@solana/rpc-types': 7.1.1
    optionalDependencies:
      '@triton-one/yellowstone-grpc-napi-darwin-arm64': 0.2.1
      '@triton-one/yellowstone-grpc-napi-darwin-x64': 0.2.1
      '@triton-one/yellowstone-grpc-napi-linux-x64-gnu': 0.2.1
      '@triton-one/yellowstone-grpc-napi-linux-x64-musl': 0.2.1
    transitivePeerDependencies:
      - fastestsmallesttextencoderdecoder
      - typescript

  base-x@5.0.1: {}

  bs58@6.0.0:
    dependencies:
      base-x: 5.0.1

  chalk@5.6.2: {}

  commander@15.0.0: {}
